
Microsoft Visual Studio Solution File, Format Version 12.00
# Visual Studio Version 17
VisualStudioVersion = 17.5.33516.290
MinimumVisualStudioVersion = 10.0.40219.1
Project("{FAE04EC0-301F-11D3-BF4B-00C04F79EFBC}") = "es resistenze", "es resistenze.csproj", "{B886A9E9-1374-46C0-B344-021EEF7A62FA}"
EndProject
Global
	GlobalSection(SolutionConfigurationPlatforms) = preSolution
		Debug|Any CPU = Debug|Any CPU
		Release|Any CPU = Release|Any CPU
	EndGlobalSection
	GlobalSection(ProjectConfigurationPlatforms) = postSolution
		{B886A9E9-1374-46C0-B344-021EEF7A62FA}.Debug|Any CPU.ActiveCfg = Debug|Any CPU
		{B886A9E9-1374-46C0-B344-021EEF7A62FA}.Debug|Any CPU.Build.0 = Debug|Any CPU
		{B886A9E9-1374-46C0-B344-021EEF7A62FA}.Release|Any CPU.ActiveCfg = Release|Any CPU
		{B886A9E9-1374-46C0-B344-021EEF7A62FA}.Release|Any CPU.Build.0 = Release|Any CPU
	EndGlobalSection
	GlobalSection(SolutionProperties) = preSolution
		HideSolutionNode = FALSE
	EndGlobalSection
	GlobalSection(ExtensibilityGlobals) = postSolution
		SolutionGuid = {2F11CF97-B2A3-4122-AC91-0E18CAF6F20A}
	EndGlobalSection
EndGlobal
